
Microsoft Visual Studio Solution File, Format Version 12.00
Project("{FAE04EC0-301F-11D3-BF4B-00C04F79EFBC}") = "ConsoleApp1", "ConsoleApp1\ConsoleApp1.csproj", "{595111FB-7109-4B50-87D6-69CC26C55668}"
EndProject
Project("{FAE04EC0-301F-11D3-BF4B-00C04F79EFBC}") = "TestProject1", "TestProject1\TestProject1.csproj", "{2D228ADB-7FC5-40AD-8AD2-A564182C40DB}"
EndProject
Global
	GlobalSection(SolutionConfigurationPlatforms) = preSolution
		Debug|Any CPU = Debug|Any CPU
		Release|Any CPU = Release|Any CPU
	EndGlobalSection
	GlobalSection(ProjectConfigurationPlatforms) = postSolution
		{595111FB-7109-4B50-87D6-69CC26C55668}.Debug|Any CPU.ActiveCfg = Debug|Any CPU
		{595111FB-7109-4B50-87D6-69CC26C55668}.Debug|Any CPU.Build.0 = Debug|Any CPU
		{595111FB-7109-4B50-87D6-69CC26C55668}.Release|Any CPU.ActiveCfg = Release|Any CPU
		{595111FB-7109-4B50-87D6-69CC26C55668}.Release|Any CPU.Build.0 = Release|Any CPU
		{2D228ADB-7FC5-40AD-8AD2-A564182C40DB}.Debug|Any CPU.ActiveCfg = Debug|Any CPU
		{2D228ADB-7FC5-40AD-8AD2-A564182C40DB}.Debug|Any CPU.Build.0 = Debug|Any CPU
		{2D228ADB-7FC5-40AD-8AD2-A564182C40DB}.Release|Any CPU.ActiveCfg = Release|Any CPU
		{2D228ADB-7FC5-40AD-8AD2-A564182C40DB}.Release|Any CPU.Build.0 = Release|Any CPU
	EndGlobalSection
EndGlobal
